
Microsoft Visual Studio Solution File, Format Version 12.00
# Visual Studio Version 16
VisualStudioVersion = 16.0.31112.23
MinimumVisualStudioVersion = 10.0.40219.1
Project("{9A19103F-16F7-4668-BE54-9A1E7A4F7556}") = "VismaPubSub", "VismaPubSub\VismaPubSub.csproj", "{F696FBDB-A7CB-450B-82F1-758B678215DC}"
EndProject
Project("{9A19103F-16F7-4668-BE54-9A1E7A4F7556}") = "Tests", "UnitTests\Tests.csproj", "{42F18DBB-1C2A-42F0-9C12-7D020F062FAA}"
EndProject
Global
	GlobalSection(SolutionConfigurationPlatforms) = preSolution
		Debug|Any CPU = Debug|Any CPU
		Release|Any CPU = Release|Any CPU
	EndGlobalSection
	GlobalSection(ProjectConfigurationPlatforms) = postSolution
		{F696FBDB-A7CB-450B-82F1-758B678215DC}.Debug|Any CPU.ActiveCfg = Debug|Any CPU
		{F696FBDB-A7CB-450B-82F1-758B678215DC}.Debug|Any CPU.Build.0 = Debug|Any CPU
		{F696FBDB-A7CB-450B-82F1-758B678215DC}.Release|Any CPU.ActiveCfg = Release|Any CPU
		{F696FBDB-A7CB-450B-82F1-758B678215DC}.Release|Any CPU.Build.0 = Release|Any CPU
		{42F18DBB-1C2A-42F0-9C12-7D020F062FAA}.Debug|Any CPU.ActiveCfg = Debug|Any CPU
		{42F18DBB-1C2A-42F0-9C12-7D020F062FAA}.Debug|Any CPU.Build.0 = Debug|Any CPU
		{42F18DBB-1C2A-42F0-9C12-7D020F062FAA}.Release|Any CPU.ActiveCfg = Release|Any CPU
		{42F18DBB-1C2A-42F0-9C12-7D020F062FAA}.Release|Any CPU.Build.0 = Release|Any CPU
	EndGlobalSection
	GlobalSection(SolutionProperties) = preSolution
		HideSolutionNode = FALSE
	EndGlobalSection
	GlobalSection(ExtensibilityGlobals) = postSolution
		SolutionGuid = {19031BB5-48C9-4CDE-8E1A-CACE6B920397}
	EndGlobalSection
EndGlobal
